// !$*UTF8*$!
{
	archiveVersion = 1;
	classes = {
	};
	objectVersion = 46;
	objects = {

/* Begin PBXBuildFile section */
		117ADA993B8DA7F094EE9CE2 /* Pods_barCodeSample.framework in Frameworks */ = {isa = PBXBuildFile; fileRef = 4E5302A60DD1DE5E9EE0DF79 /* Pods_barCodeSample.framework */; };
		57B68D191E634C73009587FA /* AppDelegate.swift in Sources */ = {isa = PBXBuildFile; fileRef = 57B68D181E634C73009587FA /* AppDelegate.swift */; };
		57B68D1B1E634C73009587FA /* ViewController.swift in Sources */ = {isa = PBXBuildFile; fileRef = 57B68D1A1E634C73009587FA /* ViewController.swift */; };
		57B68D1E1E634C73009587FA /* Main.storyboard in Resources */ = {isa = PBXBuildFile; fileRef = 57B68D1C1E634C73009587FA /* Main.storyboard */; };
		57B68D201E634C73009587FA /* Assets.xcassets in Resources */ = {isa = PBXBuildFile; fileRef = 57B68D1F1E634C73009587FA /* Assets.xcassets */; };
		57B68D231E634C73009587FA /* LaunchScreen.storyboard in Resources */ = {isa = PBXBuildFile; fileRef = 57B68D211E634C73009587FA /* LaunchScreen.storyboard */; };
/* End PBXBuildFile section */

/* Begin PBXFileReference section */
		3FB04DD53C30409C23C45320 /* Pods-barCodeSample.release.xcconfig */ = {isa = PBXFileReference; includeInIndex = 1; lastKnownFileType = text.xcconfig; name = "Pods-barCodeSample.release.xcconfig"; path = "Pods/Target Support Files/Pods-barCodeSample/Pods-barCodeSample.release.xcconfig"; sourceTree = "<group>"; };
		4E5302A60DD1DE5E9EE0DF79 /* Pods_barCodeSample.framework */ = {isa = PBXFileReference; explicitFileType = wrapper.framework; includeInIndex = 0; path = Pods_barCodeSample.framework; sourceTree = BUILT_PRODUCTS_DIR; };
		57B68D151E634C73009587FA /* barCodeSample.app */ = {isa = PBXFileReference; explicitFileType = wrapper.application; includeInIndex = 0; path = barCodeSample.app; sourceTree = BUILT_PRODUCTS_DIR; };
		57B68D181E634C73009587FA /* AppDelegate.swift */ = {isa = PBXFileReference; lastKnownFileType = sourcecode.swift; path = AppDelegate.swift; sourceTree = "<group>"; };
		57B68D1A1E634C73009587FA /* ViewController.swift */ = {isa = PBXFileReference; lastKnownFileType = sourcecode.swift; path = ViewController.swift; sourceTree = "<group>"; };
		57B68D1D1E634C73009587FA /* Base */ = {isa = PBXFileReference; lastKnownFileType = file.storyboard; name = Base; path = Base.lproj/Main.storyboard; sourceTree = "<group>"; };
		57B68D1F1E634C73009587FA /* Assets.xcassets */ = {isa = PBXFileReference; lastKnownFileType = folder.assetcatalog; path = Assets.xcassets; sourceTree = "<group>"; };
		57B68D221E634C73009587FA /* Base */ = {isa = PBXFileReference; lastKnownFileType = file.storyboard; name = Base; path = Base.lproj/LaunchScreen.storyboard; sourceTree = "<group>"; };
		57B68D241E634C73009587FA /* Info.plist */ = {isa = PBXFileReference; lastKnownFileType = text.plist.xml; path = Info.plist; sourceTree = "<group>"; };
		DD8151C230B5B3F18FA02AE9 /* Pods-barCodeSample.debug.xcconfig */ = {isa = PBXFileReference; includeInIndex = 1; lastKnownFileType = text.xcconfig; name = "Pods-barCodeSample.debug.xcconfig"; path = "Pods/Target Support Files/Pods-barCodeSample/Pods-barCodeSample.debug.xcconfig"; sourceTree = "<group>"; };
/* End PBXFileReference section */

/* Begin PBXFrameworksBuildPhase section */
		57B68D121E634C73009587FA /* Frameworks */ = {
			isa = PBXFrameworksBuildPhase;
			buildActionMask = 2147483647;
			files = (
				117ADA993B8DA7F094EE9CE2 /* Pods_barCodeSample.framework in Frameworks */,
			);
			runOnlyForDeploymentPostprocessing = 0;
		};
/* End PBXFrameworksBuildPhase section */

/* Begin PBXGroup section */
		57B68D0C1E634C72009587FA = {
			isa = PBXGroup;
			children = (
				57B68D171E634C73009587FA /* barCodeSample */,
				57B68D161E634C73009587FA /* Products */,
				655D00DE0661E569CAD28343 /* Pods */,
				E2F33476D7DAC7FBF4423457 /* Frameworks */,
			);
			sourceTree = "<group>";
		};
		57B68D161E634C73009587FA /* Products */ = {
			isa = PBXGroup;
			children = (
				57B68D151E634C73009587FA /* barCodeSample.app */,
			);
			name = Products;
			sourceTree = "<group>";
		};
		57B68D171E634C73009587FA /* barCodeSample */ = {
			isa = PBXGroup;
			children = (
				57B68D181E634C73009587FA /* AppDelegate.swift */,
				57B68D1A1E634C73009587FA /* ViewController.swift */,
				57B68D1C1E634C73009587FA /* Main.storyboard */,
				57B68D1F1E634C73009587FA /* Assets.xcassets */,
				57B68D211E634C73009587FA /* LaunchScreen.storyboard */,
				57B68D241E634C73009587FA /* Info.plist */,
			);
			path = barCodeSample;
			sourceTree = "<group>";
		};
		655D00DE0661E569CAD28343 /* Pods */ = {
			isa = PBXGroup;
			children = (
				DD8151C230B5B3F18FA02AE9 /* Pods-barCodeSample.debug.xcconfig */,
				3FB04DD53C30409C23C45320 /* Pods-barCodeSample.release.xcconfig */,
			);
			name = Pods;
			sourceTree = "<group>";
		};
		E2F33476D7DAC7FBF4423457 /* Frameworks */ = {
			isa = PBXGroup;
			children = (
				4E5302A60DD1DE5E9EE0DF79 /* Pods_barCodeSample.framework */,
			);
			name = Frameworks;
			sourceTree = "<group>";
		};
/* End PBXGroup section */

/* Begin PBXNativeTarget section */
		57B68D141E634C73009587FA /* barCodeSample */ = {
			isa = PBXNativeTarget;
			buildConfigurationList = 57B68D271E634C73009587FA /* Build configuration list for PBXNativeTarget "barCodeSample" */;
			buildPhases = (
				4EC967F81B0F631D25A9418D /* [CP] Check Pods Manifest.lock */,
				57B68D111E634C73009587FA /* Sources */,
				57B68D121E634C73009587FA /* Frameworks */,
				57B68D131E634C73009587FA /* Resources */,
				F2E9E3833C16156E793928D3 /* [CP] Embed Pods Frameworks */,
				BAB6B4E802B6BAF5A3FDDAB7 /* [CP] Copy Pods Resources */,
			);
			buildRules = (
			);
			dependencies = (
			);
			name = barCodeSample;
			productName = barCodeSample;
			productReference = 57B68D151E634C73009587FA /* barCodeSample.app */;
			productType = "com.apple.product-type.application";
		};
/* End PBXNativeTarget section */

/* Begin PBXProject section */
		57B68D0D1E634C72009587FA /* Project object */ = {
			isa = PBXProject;
			attributes = {
				LastSwiftUpdateCheck = 0820;
				LastUpgradeCheck = 0820;
				ORGANIZATIONNAME = Mike;
				TargetAttributes = {
					57B68D141E634C73009587FA = {
						CreatedOnToolsVersion = 8.2.1;
						DevelopmentTeam = K56TMNQLJF;
						ProvisioningStyle = Automatic;
					};
				};
			};
			buildConfigurationList = 57B68D101E634C72009587FA /* Build configuration list for PBXProject "barCodeSample" */;
			compatibilityVersion = "Xcode 3.2";
			developmentRegion = English;
			hasScannedForEncodings = 0;
			knownRegions = (
				en,
				Base,
			);
			mainGroup = 57B68D0C1E634C72009587FA;
			productRefGroup = 57B68D161E634C73009587FA /* Products */;
			projectDirPath = "";
			projectRoot = "";
			targets = (
				57B68D141E634C73009587FA /* barCodeSample */,
			);
		};
/* End PBXProject section */

/* Begin PBXResourcesBuildPhase section */
		57B68D131E634C73009587FA /* Resources */ = {
			isa = PBXResourcesBuildPhase;
			buildActionMask = 2147483647;
			files = (
				57B68D231E634C73009587FA /* LaunchScreen.storyboard in Resources */,
				57B68D201E634C73009587FA /* Assets.xcassets in Resources */,
				57B68D1E1E634C73009587FA /* Main.storyboard in Resources */,
			);
			runOnlyForDeploymentPostprocessing = 0;
		};
/* End PBXResourcesBuildPhase section */

/* Begin PBXShellScriptBuildPhase section */
		4EC967F81B0F631D25A9418D /* [CP] Check Pods Manifest.lock */ = {
			isa = PBXShellScriptBuildPhase;
			buildActionMask = 2147483647;
			files = (
			);
			inputPaths = (
			);
			name = "[CP] Check Pods Manifest.lock";
			outputPaths = (
			);
			runOnlyForDeploymentPostprocessing = 0;
			shellPath = /bin/sh;
			shellScript = "diff \"${PODS_ROOT}/../Podfile.lock\" \"${PODS_ROOT}/Manifest.lock\" > /dev/null\nif [ $? != 0 ] ; then\n    # print error to STDERR\n    echo \"error: The sandbox is not in sync with the Podfile.lock. Run 'pod install' or update your CocoaPods installation.\" >&2\n    exit 1\nfi\n";
			showEnvVarsInLog = 0;
		};
		BAB6B4E802B6BAF5A3FDDAB7 /* [CP] Copy Pods Resources */ = {
			isa = PBXShellScriptBuildPhase;
			buildActionMask = 2147483647;
			files = (
			);
			inputPaths = (
			);
			name = "[CP] Copy Pods Resources";
			outputPaths = (
			);
			runOnlyForDeploymentPostprocessing = 0;
			shellPath = /bin/sh;
			shellScript = "\"${SRCROOT}/Pods/Target Support Files/Pods-barCodeSample/Pods-barCodeSample-resources.sh\"\n";
			showEnvVarsInLog = 0;
		};
		F2E9E3833C16156E793928D3 /* [CP] Embed Pods Frameworks */ = {
			isa = PBXShellScriptBuildPhase;
			buildActionMask = 2147483647;
			files = (
			);
			inputPaths = (
			);
			name = "[CP] Embed Pods Frameworks";
			outputPaths = (
			);
			runOnlyForDeploymentPostprocessing = 0;
			shellPath = /bin/sh;
			shellScript = "\"${SRCROOT}/Pods/Target Support Files/Pods-barCodeSample/Pods-barCodeSample-frameworks.sh\"\n";
			showEnvVarsInLog = 0;
		};
/* End PBXShellScriptBuildPhase section */

/* Begin PBXSourcesBuildPhase section */
		57B68D111E634C73009587FA /* Sources */ = {
			isa = PBXSourcesBuildPhase;
			buildActionMask = 2147483647;
			files = (
				57B68D1B1E634C73009587FA /* ViewController.swift in Sources */,
				57B68D191E634C73009587FA /* AppDelegate.swift in Sources */,
			);
			runOnlyForDeploymentPostprocessing = 0;
		};
/* End PBXSourcesBuildPhase section */

/* Begin PBXVariantGroup section */
		57B68D1C1E634C73009587FA /* Main.storyboard */ = {
			isa = PBXVariantGroup;
			children = (
				57B68D1D1E634C73009587FA /* Base */,
			);
			name = Main.storyboard;
			sourceTree = "<group>";
		};
		57B68D211E634C73009587FA /* LaunchScreen.storyboard */ = {
			isa = PBXVariantGroup;
			children = (
				57B68D221E634C73009587FA /* Base */,
			);
			name = LaunchScreen.storyboard;
			sourceTree = "<group>";
		};
/* End PBXVariantGroup section */

/* Begin XCBuildConfiguration section */
		57B68D251E634C73009587FA /* Debug */ = {
			isa = XCBuildConfiguration;
			buildSettings = {
				ALWAYS_SEARCH_USER_PATHS = NO;
				CLANG_ANALYZER_NONNULL = YES;
				CLANG_CXX_LANGUAGE_STANDARD = "gnu++0x";
				CLANG_CXX_LIBRARY = "libc++";
				CLANG_ENABLE_MODULES = YES;
				CLANG_ENABLE_OBJC_ARC = YES;
				CLANG_WARN_BOOL_CONVERSION = YES;
				CLANG_WARN_CONSTANT_CONVERSION = YES;
				CLANG_WARN_DIRECT_OBJC_ISA_USAGE = YES_ERROR;
				CLANG_WARN_DOCUMENTATION_COMMENTS = YES;
				CLANG_WARN_EMPTY_BODY = YES;
				CLANG_WARN_ENUM_CONVERSION = YES;
				CLANG_WARN_INFINITE_RECURSION = YES;
				CLANG_WARN_INT_CONVERSION = YES;
				CLANG_WARN_OBJC_ROOT_CLASS = YES_ERROR;
				CLANG_WARN_SUSPICIOUS_MOVE = YES;
				CLANG_WARN_UNREACHABLE_CODE = YES;
				CLANG_WARN__DUPLICATE_METHOD_MATCH = YES;
				"CODE_SIGN_IDENTITY[sdk=iphoneos*]" = "iPhone Developer";
				COPY_PHASE_STRIP = NO;
				DEBUG_INFORMATION_FORMAT = dwarf;
				ENABLE_STRICT_OBJC_MSGSEND = YES;
				ENABLE_TESTABILITY = YES;
				GCC_C_LANGUAGE_STANDARD = gnu99;
				GCC_DYNAMIC_NO_PIC = NO;
				GCC_NO_COMMON_BLOCKS = YES;
				GCC_OPTIMIZATION_LEVEL = 0;
				GCC_PREPROCESSOR_DEFINITIONS = (
					"DEBUG=1",
					"$(inherited)",
				);
				GCC_WARN_64_TO_32_BIT_CONVERSION = YES;
				GCC_WARN_ABOUT_RETURN_TYPE = YES_ERROR;
				GCC_WARN_UNDECLARED_SELECTOR = YES;
				GCC_WARN_UNINITIALIZED_AUTOS = YES_AGGRESSIVE;
				GCC_WARN_UNUSED_FUNCTION = YES;
				GCC_WARN_UNUSED_VARIABLE = YES;
				IPHONEOS_DEPLOYMENT_TARGET = 10.2;
				MTL_ENABLE_DEBUG_INFO = YES;
				ONLY_ACTIVE_ARCH = YES;
				SDKROOT = iphoneos;
				SWIFT_ACTIVE_COMPILATION_CONDITIONS = DEBUG;
				SWIFT_OPTIMIZATION_LEVEL = "-Onone";
			};
			name = Debug;
		};
		57B68D261E634C73009587FA /* Release */ = {
			isa = XCBuildConfiguration;
			buildSettings = {
				ALWAYS_SEARCH_USER_PATHS = NO;
				CLANG_ANALYZER_NONNULL = YES;
				CLANG_CXX_LANGUAGE_STANDARD = "gnu++0x";
				CLANG_CXX_LIBRARY = "libc++";
				CLANG_ENABLE_MODULES = YES;
				CLANG_ENABLE_OBJC_ARC = YES;
				CLANG_WARN_BOOL_CONVERSION = YES;
				CLANG_WARN_CONSTANT_CONVERSION = YES;
				CLANG_WARN_DIRECT_OBJC_ISA_USAGE = YES_ERROR;
				CLANG_WARN_DOCUMENTATION_COMMENTS = YES;
				CLANG_WARN_EMPTY_BODY = YES;
				CLANG_WARN_ENUM_CONVERSION = YES;
				CLANG_WARN_INFINITE_RECURSION = YES;
				CLANG_WARN_INT_CONVERSION = YES;
				CLANG_WARN_OBJC_ROOT_CLASS = YES_ERROR;
				CLANG_WARN_SUSPICIOUS_MOVE = YES;
				CLANG_WARN_UNREACHABLE_CODE = YES;
				CLANG_WARN__DUPLICATE_METHOD_MATCH = YES;
				"CODE_SIGN_IDENTITY[sdk=iphoneos*]" = "iPhone Developer";
				COPY_PHASE_STRIP = NO;
				DEBUG_INFORMATION_FORMAT = "dwarf-with-dsym";
				ENABLE_NS_ASSERTIONS = NO;
				ENABLE_STRICT_OBJC_MSGSEND = YES;
				GCC_C_LANGUAGE_STANDARD = gnu99;
				GCC_NO_COMMON_BLOCKS = YES;
				GCC_WARN_64_TO_32_BIT_CONVERSION = YES;
				GCC_WARN_ABOUT_RETURN_TYPE = YES_ERROR;
				GCC_WARN_UNDECLARED_SELECTOR = YES;
				GCC_WARN_UNINITIALIZED_AUTOS = YES_AGGRESSIVE;
				GCC_WARN_UNUSED_FUNCTION = YES;
				GCC_WARN_UNUSED_VARIABLE = YES;
				IPHONEOS_DEPLOYMENT_TARGET = 10.2;
				MTL_ENABLE_DEBUG_INFO = NO;
				SDKROOT = iphoneos;
				SWIFT_OPTIMIZATION_LEVEL = "-Owholemodule";
				VALIDATE_PRODUCT = YES;
			};
			name = Release;
		};
		57B68D281E634C73009587FA /* Debug */ = {
			isa = XCBuildConfiguration;
			baseConfigurationReference = DD8151C230B5B3F18FA02AE9 /* Pods-barCodeSample.debug.xcconfig */;
			buildSettings = {
				ASSETCATALOG_COMPILER_APPICON_NAME = AppIcon;
				DEVELOPMENT_TEAM = K56TMNQLJF;
				INFOPLIST_FILE = barCodeSample/Info.plist;
				LD_RUNPATH_SEARCH_PATHS = "$(inherited) @executable_path/Frameworks";
				PRODUCT_BUNDLE_IDENTIFIER = co.barCodeSample;
				PRODUCT_NAME = "$(TARGET_NAME)";
				SWIFT_VERSION = 3.0;
			};
			name = Debug;
		};
		57B68D291E634C73009587FA /* Release */ = {
			isa = XCBuildConfiguration;
			baseConfigurationReference = 3FB04DD53C30409C23C45320 /* Pods-barCodeSample.release.xcconfig */;
			buildSettings = {
				ASSETCATALOG_COMPILER_APPICON_NAME = AppIcon;
				DEVELOPMENT_TEAM = K56TMNQLJF;
				INFOPLIST_FILE = barCodeSample/Info.plist;
				LD_RUNPATH_SEARCH_PATHS = "$(inherited) @executable_path/Frameworks";
				PRODUCT_BUNDLE_IDENTIFIER = co.barCodeSample;
				PRODUCT_NAME = "$(TARGET_NAME)";
				SWIFT_VERSION = 3.0;
			};
			name = Release;
		};
/* End XCBuildConfiguration section */

/* Begin XCConfigurationList section */
		57B68D101E634C72009587FA /* Build configuration list for PBXProject "barCodeSample" */ = {
			isa = XCConfigurationList;
			buildConfigurations = (
				57B68D251E634C73009587FA /* Debug */,
				57B68D261E634C73009587FA /* Release */,
			);
			defaultConfigurationIsVisible = 0;
			defaultConfigurationName = Release;
		};
		57B68D271E634C73009587FA /* Build configuration list for PBXNativeTarget "barCodeSample" */ = {
			isa = XCConfigurationList;
			buildConfigurations = (
				57B68D281E634C73009587FA /* Debug */,
				57B68D291E634C73009587FA /* Release */,
			);
			defaultConfigurationIsVisible = 0;
			defaultConfigurationName = Release;
		};
/* End XCConfigurationList section */
	};
	rootObject = 57B68D0D1E634C72009587FA /* Project object */;
}
